// !$*UTF8*$!
{
	archiveVersion = 1;
	classes = {
	};
	objectVersion = 51;
	objects = {

/* Begin PBXBuildFile section */
		6E66DF47E8DB0B7AF83C0BD5 /* Pods_Reciplease.framework in Frameworks */ = {isa = PBXBuildFile; fileRef = BA0CE8FC00834DF2543F7A13 /* Pods_Reciplease.framework */; };
		724D4789241B9BFF003D6EC2 /* Recipe.json in Resources */ = {isa = PBXBuildFile; fileRef = 724D4788241B9BFF003D6EC2 /* Recipe.json */; };
		724D478B241B9F91003D6EC2 /* RecipeData.swift in Sources */ = {isa = PBXBuildFile; fileRef = 724D478A241B9F91003D6EC2 /* RecipeData.swift */; };
		724D478D241BBEE6003D6EC2 /* Constants.swift in Sources */ = {isa = PBXBuildFile; fileRef = 724D478C241BBEE6003D6EC2 /* Constants.swift */; };
		724D478F241BC53F003D6EC2 /* RecipeCollectionViewController.swift in Sources */ = {isa = PBXBuildFile; fileRef = 724D478E241BC53F003D6EC2 /* RecipeCollectionViewController.swift */; };
		724D4791241BD578003D6EC2 /* CollectionViewCell.swift in Sources */ = {isa = PBXBuildFile; fileRef = 724D4790241BD578003D6EC2 /* CollectionViewCell.swift */; };
		725F56EF23B3B3CB00E67F45 /* AppDelegate.swift in Sources */ = {isa = PBXBuildFile; fileRef = 725F56EE23B3B3CB00E67F45 /* AppDelegate.swift */; };
		725F56F123B3B3CB00E67F45 /* SceneDelegate.swift in Sources */ = {isa = PBXBuildFile; fileRef = 725F56F023B3B3CB00E67F45 /* SceneDelegate.swift */; };
		725F56F323B3B3CB00E67F45 /* ViewController.swift in Sources */ = {isa = PBXBuildFile; fileRef = 725F56F223B3B3CB00E67F45 /* ViewController.swift */; };
		725F56F623B3B3CB00E67F45 /* Main.storyboard in Resources */ = {isa = PBXBuildFile; fileRef = 725F56F423B3B3CB00E67F45 /* Main.storyboard */; };
		725F56F923B3B3CB00E67F45 /* Reciplease.xcdatamodeld in Sources */ = {isa = PBXBuildFile; fileRef = 725F56F723B3B3CB00E67F45 /* Reciplease.xcdatamodeld */; };
		725F56FB23B3B3CD00E67F45 /* Assets.xcassets in Resources */ = {isa = PBXBuildFile; fileRef = 725F56FA23B3B3CD00E67F45 /* Assets.xcassets */; };
		725F56FE23B3B3CD00E67F45 /* LaunchScreen.storyboard in Resources */ = {isa = PBXBuildFile; fileRef = 725F56FC23B3B3CD00E67F45 /* LaunchScreen.storyboard */; };
		725F570923B3B3CD00E67F45 /* RecipleaseTests.swift in Sources */ = {isa = PBXBuildFile; fileRef = 725F570823B3B3CD00E67F45 /* RecipleaseTests.swift */; };
		725F571A23B3B73D00E67F45 /* .gitignore in Resources */ = {isa = PBXBuildFile; fileRef = 725F571923B3B73D00E67F45 /* .gitignore */; };
		725F571C23B3B7E200E67F45 /* SearchManager.swift in Sources */ = {isa = PBXBuildFile; fileRef = 725F571B23B3B7E200E67F45 /* SearchManager.swift */; };
		725F571E23B3BA1000E67F45 /* FavoriteTableViewController.swift in Sources */ = {isa = PBXBuildFile; fileRef = 725F571D23B3BA1000E67F45 /* FavoriteTableViewController.swift */; };
		72673AAE241B932600548C87 /* ApiKeys.plist in Resources */ = {isa = PBXBuildFile; fileRef = 72673AAD241B932600548C87 /* ApiKeys.plist */; };
		72673AB0241B93D100548C87 /* ApiKeys.swift in Sources */ = {isa = PBXBuildFile; fileRef = 72673AAF241B93D100548C87 /* ApiKeys.swift */; };
		8487345B03B4E5E76CD8F00F /* Pods_RecipleaseTests.framework in Frameworks */ = {isa = PBXBuildFile; fileRef = 30591CA10A93810BB48BB2EE /* Pods_RecipleaseTests.framework */; };
/* End PBXBuildFile section */

/* Begin PBXContainerItemProxy section */
		725F570523B3B3CD00E67F45 /* PBXContainerItemProxy */ = {
			isa = PBXContainerItemProxy;
			containerPortal = 725F56E323B3B3CB00E67F45 /* Project object */;
			proxyType = 1;
			remoteGlobalIDString = 725F56EA23B3B3CB00E67F45;
			remoteInfo = Reciplease;
		};
/* End PBXContainerItemProxy section */

/* Begin PBXFileReference section */
		30591CA10A93810BB48BB2EE /* Pods_RecipleaseTests.framework */ = {isa = PBXFileReference; explicitFileType = wrapper.framework; includeInIndex = 0; path = Pods_RecipleaseTests.framework; sourceTree = BUILT_PRODUCTS_DIR; };
		3F2D5F67684A1DD62E24151A /* Pods-RecipleaseTests.release.xcconfig */ = {isa = PBXFileReference; includeInIndex = 1; lastKnownFileType = text.xcconfig; name = "Pods-RecipleaseTests.release.xcconfig"; path = "Target Support Files/Pods-RecipleaseTests/Pods-RecipleaseTests.release.xcconfig"; sourceTree = "<group>"; };
		724D4788241B9BFF003D6EC2 /* Recipe.json */ = {isa = PBXFileReference; lastKnownFileType = text.json; path = Recipe.json; sourceTree = "<group>"; };
		724D478A241B9F91003D6EC2 /* RecipeData.swift */ = {isa = PBXFileReference; lastKnownFileType = sourcecode.swift; path = RecipeData.swift; sourceTree = "<group>"; };
		724D478C241BBEE6003D6EC2 /* Constants.swift */ = {isa = PBXFileReference; lastKnownFileType = sourcecode.swift; path = Constants.swift; sourceTree = "<group>"; };
		724D478E241BC53F003D6EC2 /* RecipeCollectionViewController.swift */ = {isa = PBXFileReference; lastKnownFileType = sourcecode.swift; path = RecipeCollectionViewController.swift; sourceTree = "<group>"; };
		724D4790241BD578003D6EC2 /* CollectionViewCell.swift */ = {isa = PBXFileReference; lastKnownFileType = sourcecode.swift; path = CollectionViewCell.swift; sourceTree = "<group>"; };
		725F56EB23B3B3CB00E67F45 /* Reciplease.app */ = {isa = PBXFileReference; explicitFileType = wrapper.application; includeInIndex = 0; path = Reciplease.app; sourceTree = BUILT_PRODUCTS_DIR; };
		725F56EE23B3B3CB00E67F45 /* AppDelegate.swift */ = {isa = PBXFileReference; lastKnownFileType = sourcecode.swift; path = AppDelegate.swift; sourceTree = "<group>"; };
		725F56F023B3B3CB00E67F45 /* SceneDelegate.swift */ = {isa = PBXFileReference; lastKnownFileType = sourcecode.swift; path = SceneDelegate.swift; sourceTree = "<group>"; };
		725F56F223B3B3CB00E67F45 /* ViewController.swift */ = {isa = PBXFileReference; lastKnownFileType = sourcecode.swift; path = ViewController.swift; sourceTree = "<group>"; };
		725F56F523B3B3CB00E67F45 /* Base */ = {isa = PBXFileReference; lastKnownFileType = file.storyboard; name = Base; path = Base.lproj/Main.storyboard; sourceTree = "<group>"; };
		725F56F823B3B3CB00E67F45 /* Reciplease.xcdatamodel */ = {isa = PBXFileReference; lastKnownFileType = wrapper.xcdatamodel; path = Reciplease.xcdatamodel; sourceTree = "<group>"; };
		725F56FA23B3B3CD00E67F45 /* Assets.xcassets */ = {isa = PBXFileReference; lastKnownFileType = folder.assetcatalog; path = Assets.xcassets; sourceTree = "<group>"; };
		725F56FD23B3B3CD00E67F45 /* Base */ = {isa = PBXFileReference; lastKnownFileType = file.storyboard; name = Base; path = Base.lproj/LaunchScreen.storyboard; sourceTree = "<group>"; };
		725F56FF23B3B3CD00E67F45 /* Info.plist */ = {isa = PBXFileReference; lastKnownFileType = text.plist.xml; path = Info.plist; sourceTree = "<group>"; };
		725F570423B3B3CD00E67F45 /* RecipleaseTests.xctest */ = {isa = PBXFileReference; explicitFileType = wrapper.cfbundle; includeInIndex = 0; path = RecipleaseTests.xctest; sourceTree = BUILT_PRODUCTS_DIR; };
		725F570823B3B3CD00E67F45 /* RecipleaseTests.swift */ = {isa = PBXFileReference; lastKnownFileType = sourcecode.swift; path = RecipleaseTests.swift; sourceTree = "<group>"; };
		725F570A23B3B3CD00E67F45 /* Info.plist */ = {isa = PBXFileReference; lastKnownFileType = text.plist.xml; path = Info.plist; sourceTree = "<group>"; };
		725F571923B3B73D00E67F45 /* .gitignore */ = {isa = PBXFileReference; fileEncoding = 4; lastKnownFileType = text; path = .gitignore; sourceTree = "<group>"; };
		725F571B23B3B7E200E67F45 /* SearchManager.swift */ = {isa = PBXFileReference; lastKnownFileType = sourcecode.swift; path = SearchManager.swift; sourceTree = "<group>"; };
		725F571D23B3BA1000E67F45 /* FavoriteTableViewController.swift */ = {isa = PBXFileReference; lastKnownFileType = sourcecode.swift; path = FavoriteTableViewController.swift; sourceTree = "<group>"; };
		72673AAD241B932600548C87 /* ApiKeys.plist */ = {isa = PBXFileReference; lastKnownFileType = text.plist.xml; path = ApiKeys.plist; sourceTree = "<group>"; };
		72673AAF241B93D100548C87 /* ApiKeys.swift */ = {isa = PBXFileReference; lastKnownFileType = sourcecode.swift; path = ApiKeys.swift; sourceTree = "<group>"; };
		A626DECB2408D146C68C2D4C /* Pods-Reciplease.debug.xcconfig */ = {isa = PBXFileReference; includeInIndex = 1; lastKnownFileType = text.xcconfig; name = "Pods-Reciplease.debug.xcconfig"; path = "Target Support Files/Pods-Reciplease/Pods-Reciplease.debug.xcconfig"; sourceTree = "<group>"; };
		AFFF72F3BE01F16EB97A5111 /* Pods-RecipleaseTests.debug.xcconfig */ = {isa = PBXFileReference; includeInIndex = 1; lastKnownFileType = text.xcconfig; name = "Pods-RecipleaseTests.debug.xcconfig"; path = "Target Support Files/Pods-RecipleaseTests/Pods-RecipleaseTests.debug.xcconfig"; sourceTree = "<group>"; };
		B7F2DB1FA4EDFF792F712661 /* Pods-Reciplease.release.xcconfig */ = {isa = PBXFileReference; includeInIndex = 1; lastKnownFileType = text.xcconfig; name = "Pods-Reciplease.release.xcconfig"; path = "Target Support Files/Pods-Reciplease/Pods-Reciplease.release.xcconfig"; sourceTree = "<group>"; };
		BA0CE8FC00834DF2543F7A13 /* Pods_Reciplease.framework */ = {isa = PBXFileReference; explicitFileType = wrapper.framework; includeInIndex = 0; path = Pods_Reciplease.framework; sourceTree = BUILT_PRODUCTS_DIR; };
/* End PBXFileReference section */

/* Begin PBXFrameworksBuildPhase section */
		725F56E823B3B3CB00E67F45 /* Frameworks */ = {
			isa = PBXFrameworksBuildPhase;
			buildActionMask = 2147483647;
			files = (
				6E66DF47E8DB0B7AF83C0BD5 /* Pods_Reciplease.framework in Frameworks */,
			);
			runOnlyForDeploymentPostprocessing = 0;
		};
		725F570123B3B3CD00E67F45 /* Frameworks */ = {
			isa = PBXFrameworksBuildPhase;
			buildActionMask = 2147483647;
			files = (
				8487345B03B4E5E76CD8F00F /* Pods_RecipleaseTests.framework in Frameworks */,
			);
			runOnlyForDeploymentPostprocessing = 0;
		};
/* End PBXFrameworksBuildPhase section */

/* Begin PBXGroup section */
		1B6BB6CF9CC34233ED26DE1E /* Pods */ = {
			isa = PBXGroup;
			children = (
				A626DECB2408D146C68C2D4C /* Pods-Reciplease.debug.xcconfig */,
				B7F2DB1FA4EDFF792F712661 /* Pods-Reciplease.release.xcconfig */,
				AFFF72F3BE01F16EB97A5111 /* Pods-RecipleaseTests.debug.xcconfig */,
				3F2D5F67684A1DD62E24151A /* Pods-RecipleaseTests.release.xcconfig */,
			);
			path = Pods;
			sourceTree = "<group>";
		};
		2BBD09542F27807F77B4CB09 /* Frameworks */ = {
			isa = PBXGroup;
			children = (
				BA0CE8FC00834DF2543F7A13 /* Pods_Reciplease.framework */,
				30591CA10A93810BB48BB2EE /* Pods_RecipleaseTests.framework */,
			);
			name = Frameworks;
			sourceTree = "<group>";
		};
		725F56E223B3B3CB00E67F45 = {
			isa = PBXGroup;
			children = (
				725F571923B3B73D00E67F45 /* .gitignore */,
				725F56ED23B3B3CB00E67F45 /* Reciplease */,
				725F570723B3B3CD00E67F45 /* RecipleaseTests */,
				725F56EC23B3B3CB00E67F45 /* Products */,
				1B6BB6CF9CC34233ED26DE1E /* Pods */,
				2BBD09542F27807F77B4CB09 /* Frameworks */,
			);
			sourceTree = "<group>";
		};
		725F56EC23B3B3CB00E67F45 /* Products */ = {
			isa = PBXGroup;
			children = (
				725F56EB23B3B3CB00E67F45 /* Reciplease.app */,
				725F570423B3B3CD00E67F45 /* RecipleaseTests.xctest */,
			);
			name = Products;
			sourceTree = "<group>";
		};
		725F56ED23B3B3CB00E67F45 /* Reciplease */ = {
			isa = PBXGroup;
			children = (
				725F571623B3B40300E67F45 /* SupportingFiles */,
				725F571523B3B3FA00E67F45 /* View */,
				725F571423B3B3F100E67F45 /* Controller */,
				725F571323B3B3E900E67F45 /* Model */,
				725F56F723B3B3CB00E67F45 /* Reciplease.xcdatamodeld */,
			);
			path = Reciplease;
			sourceTree = "<group>";
		};
		725F570723B3B3CD00E67F45 /* RecipleaseTests */ = {
			isa = PBXGroup;
			children = (
				725F570823B3B3CD00E67F45 /* RecipleaseTests.swift */,
				725F570A23B3B3CD00E67F45 /* Info.plist */,
				724D4788241B9BFF003D6EC2 /* Recipe.json */,
			);
			path = RecipleaseTests;
			sourceTree = "<group>";
		};
		725F571323B3B3E900E67F45 /* Model */ = {
			isa = PBXGroup;
			children = (
				725F571B23B3B7E200E67F45 /* SearchManager.swift */,
				724D478A241B9F91003D6EC2 /* RecipeData.swift */,
			);
			path = Model;
			sourceTree = "<group>";
		};
		725F571423B3B3F100E67F45 /* Controller */ = {
			isa = PBXGroup;
			children = (
				725F56F223B3B3CB00E67F45 /* ViewController.swift */,
				725F571D23B3BA1000E67F45 /* FavoriteTableViewController.swift */,
				724D478E241BC53F003D6EC2 /* RecipeCollectionViewController.swift */,
				724D4790241BD578003D6EC2 /* CollectionViewCell.swift */,
			);
			path = Controller;
			sourceTree = "<group>";
		};
		725F571523B3B3FA00E67F45 /* View */ = {
			isa = PBXGroup;
			children = (
				725F56F423B3B3CB00E67F45 /* Main.storyboard */,
				725F56FC23B3B3CD00E67F45 /* LaunchScreen.storyboard */,
			);
			path = View;
			sourceTree = "<group>";
		};
		725F571623B3B40300E67F45 /* SupportingFiles */ = {
			isa = PBXGroup;
			children = (
				725F56EE23B3B3CB00E67F45 /* AppDelegate.swift */,
				725F56F023B3B3CB00E67F45 /* SceneDelegate.swift */,
				725F56FA23B3B3CD00E67F45 /* Assets.xcassets */,
				725F56FF23B3B3CD00E67F45 /* Info.plist */,
				72673AAD241B932600548C87 /* ApiKeys.plist */,
				72673AAF241B93D100548C87 /* ApiKeys.swift */,
				724D478C241BBEE6003D6EC2 /* Constants.swift */,
			);
			path = SupportingFiles;
			sourceTree = "<group>";
		};
/* End PBXGroup section */

/* Begin PBXNativeTarget section */
		725F56EA23B3B3CB00E67F45 /* Reciplease */ = {
			isa = PBXNativeTarget;
			buildConfigurationList = 725F570D23B3B3CD00E67F45 /* Build configuration list for PBXNativeTarget "Reciplease" */;
			buildPhases = (
				B38FAE98AE6F5C632BE25226 /* [CP] Check Pods Manifest.lock */,
				725F56E723B3B3CB00E67F45 /* Sources */,
				725F56E823B3B3CB00E67F45 /* Frameworks */,
				725F56E923B3B3CB00E67F45 /* Resources */,
				E0DCFCC2EE8BEF680C093232 /* [CP] Embed Pods Frameworks */,
			);
			buildRules = (
			);
			dependencies = (
			);
			name = Reciplease;
			productName = Reciplease;
			productReference = 725F56EB23B3B3CB00E67F45 /* Reciplease.app */;
			productType = "com.apple.product-type.application";
		};
		725F570323B3B3CD00E67F45 /* RecipleaseTests */ = {
			isa = PBXNativeTarget;
			buildConfigurationList = 725F571023B3B3CD00E67F45 /* Build configuration list for PBXNativeTarget "RecipleaseTests" */;
			buildPhases = (
				D29C072F94115CD008DE3D58 /* [CP] Check Pods Manifest.lock */,
				725F570023B3B3CD00E67F45 /* Sources */,
				725F570123B3B3CD00E67F45 /* Frameworks */,
				725F570223B3B3CD00E67F45 /* Resources */,
			);
			buildRules = (
			);
			dependencies = (
				725F570623B3B3CD00E67F45 /* PBXTargetDependency */,
			);
			name = RecipleaseTests;
			productName = RecipleaseTests;
			productReference = 725F570423B3B3CD00E67F45 /* RecipleaseTests.xctest */;
			productType = "com.apple.product-type.bundle.unit-test";
		};
/* End PBXNativeTarget section */

/* Begin PBXProject section */
		725F56E323B3B3CB00E67F45 /* Project object */ = {
			isa = PBXProject;
			attributes = {
				LastSwiftUpdateCheck = 1130;
				LastUpgradeCheck = 1130;
				ORGANIZATIONNAME = "marianne massé";
				TargetAttributes = {
					725F56EA23B3B3CB00E67F45 = {
						CreatedOnToolsVersion = 11.3;
					};
					725F570323B3B3CD00E67F45 = {
						CreatedOnToolsVersion = 11.3;
						TestTargetID = 725F56EA23B3B3CB00E67F45;
					};
				};
			};
			buildConfigurationList = 725F56E623B3B3CB00E67F45 /* Build configuration list for PBXProject "Reciplease" */;
			compatibilityVersion = "Xcode 9.3";
			developmentRegion = en;
			hasScannedForEncodings = 0;
			knownRegions = (
				en,
				Base,
			);
			mainGroup = 725F56E223B3B3CB00E67F45;
			productRefGroup = 725F56EC23B3B3CB00E67F45 /* Products */;
			projectDirPath = "";
			projectRoot = "";
			targets = (
				725F56EA23B3B3CB00E67F45 /* Reciplease */,
				725F570323B3B3CD00E67F45 /* RecipleaseTests */,
			);
		};
/* End PBXProject section */

/* Begin PBXResourcesBuildPhase section */
		725F56E923B3B3CB00E67F45 /* Resources */ = {
			isa = PBXResourcesBuildPhase;
			buildActionMask = 2147483647;
			files = (
				725F571A23B3B73D00E67F45 /* .gitignore in Resources */,
				725F56FE23B3B3CD00E67F45 /* LaunchScreen.storyboard in Resources */,
				725F56FB23B3B3CD00E67F45 /* Assets.xcassets in Resources */,
				725F56F623B3B3CB00E67F45 /* Main.storyboard in Resources */,
				72673AAE241B932600548C87 /* ApiKeys.plist in Resources */,
			);
			runOnlyForDeploymentPostprocessing = 0;
		};
		725F570223B3B3CD00E67F45 /* Resources */ = {
			isa = PBXResourcesBuildPhase;
			buildActionMask = 2147483647;
			files = (
				724D4789241B9BFF003D6EC2 /* Recipe.json in Resources */,
			);
			runOnlyForDeploymentPostprocessing = 0;
		};
/* End PBXResourcesBuildPhase section */

/* Begin PBXShellScriptBuildPhase section */
		B38FAE98AE6F5C632BE25226 /* [CP] Check Pods Manifest.lock */ = {
			isa = PBXShellScriptBuildPhase;
			buildActionMask = 2147483647;
			files = (
			);
			inputFileListPaths = (
			);
			inputPaths = (
				"${PODS_PODFILE_DIR_PATH}/Podfile.lock",
				"${PODS_ROOT}/Manifest.lock",
			);
			name = "[CP] Check Pods Manifest.lock";
			outputFileListPaths = (
			);
			outputPaths = (
				"$(DERIVED_FILE_DIR)/Pods-Reciplease-checkManifestLockResult.txt",
			);
			runOnlyForDeploymentPostprocessing = 0;
			shellPath = /bin/sh;
			shellScript = "diff \"${PODS_PODFILE_DIR_PATH}/Podfile.lock\" \"${PODS_ROOT}/Manifest.lock\" > /dev/null\nif [ $? != 0 ] ; then\n    # print error to STDERR\n    echo \"error: The sandbox is not in sync with the Podfile.lock. Run 'pod install' or update your CocoaPods installation.\" >&2\n    exit 1\nfi\n# This output is used by Xcode 'outputs' to avoid re-running this script phase.\necho \"SUCCESS\" > \"${SCRIPT_OUTPUT_FILE_0}\"\n";
			showEnvVarsInLog = 0;
		};
		D29C072F94115CD008DE3D58 /* [CP] Check Pods Manifest.lock */ = {
			isa = PBXShellScriptBuildPhase;
			buildActionMask = 2147483647;
			files = (
			);
			inputFileListPaths = (
			);
			inputPaths = (
				"${PODS_PODFILE_DIR_PATH}/Podfile.lock",
				"${PODS_ROOT}/Manifest.lock",
			);
			name = "[CP] Check Pods Manifest.lock";
			outputFileListPaths = (
			);
			outputPaths = (
				"$(DERIVED_FILE_DIR)/Pods-RecipleaseTests-checkManifestLockResult.txt",
			);
			runOnlyForDeploymentPostprocessing = 0;
			shellPath = /bin/sh;
			shellScript = "diff \"${PODS_PODFILE_DIR_PATH}/Podfile.lock\" \"${PODS_ROOT}/Manifest.lock\" > /dev/null\nif [ $? != 0 ] ; then\n    # print error to STDERR\n    echo \"error: The sandbox is not in sync with the Podfile.lock. Run 'pod install' or update your CocoaPods installation.\" >&2\n    exit 1\nfi\n# This output is used by Xcode 'outputs' to avoid re-running this script phase.\necho \"SUCCESS\" > \"${SCRIPT_OUTPUT_FILE_0}\"\n";
			showEnvVarsInLog = 0;
		};
		E0DCFCC2EE8BEF680C093232 /* [CP] Embed Pods Frameworks */ = {
			isa = PBXShellScriptBuildPhase;
			buildActionMask = 2147483647;
			files = (
			);
			inputFileListPaths = (
				"${PODS_ROOT}/Target Support Files/Pods-Reciplease/Pods-Reciplease-frameworks-${CONFIGURATION}-input-files.xcfilelist",
			);
			name = "[CP] Embed Pods Frameworks";
			outputFileListPaths = (
				"${PODS_ROOT}/Target Support Files/Pods-Reciplease/Pods-Reciplease-frameworks-${CONFIGURATION}-output-files.xcfilelist",
			);
			runOnlyForDeploymentPostprocessing = 0;
			shellPath = /bin/sh;
			shellScript = "\"${PODS_ROOT}/Target Support Files/Pods-Reciplease/Pods-Reciplease-frameworks.sh\"\n";
			showEnvVarsInLog = 0;
		};
/* End PBXShellScriptBuildPhase section */

/* Begin PBXSourcesBuildPhase section */
		725F56E723B3B3CB00E67F45 /* Sources */ = {
			isa = PBXSourcesBuildPhase;
			buildActionMask = 2147483647;
			files = (
				724D478F241BC53F003D6EC2 /* RecipeCollectionViewController.swift in Sources */,
				72673AB0241B93D100548C87 /* ApiKeys.swift in Sources */,
				725F56F923B3B3CB00E67F45 /* Reciplease.xcdatamodeld in Sources */,
				725F56F323B3B3CB00E67F45 /* ViewController.swift in Sources */,
				725F571C23B3B7E200E67F45 /* SearchManager.swift in Sources */,
				725F56EF23B3B3CB00E67F45 /* AppDelegate.swift in Sources */,
				724D478B241B9F91003D6EC2 /* RecipeData.swift in Sources */,
				725F56F123B3B3CB00E67F45 /* SceneDelegate.swift in Sources */,
				725F571E23B3BA1000E67F45 /* FavoriteTableViewController.swift in Sources */,
				724D478D241BBEE6003D6EC2 /* Constants.swift in Sources */,
				724D4791241BD578003D6EC2 /* CollectionViewCell.swift in Sources */,
			);
			runOnlyForDeploymentPostprocessing = 0;
		};
		725F570023B3B3CD00E67F45 /* Sources */ = {
			isa = PBXSourcesBuildPhase;
			buildActionMask = 2147483647;
			files = (
				725F570923B3B3CD00E67F45 /* RecipleaseTests.swift in Sources */,
			);
			runOnlyForDeploymentPostprocessing = 0;
		};
/* End PBXSourcesBuildPhase section */

/* Begin PBXTargetDependency section */
		725F570623B3B3CD00E67F45 /* PBXTargetDependency */ = {
			isa = PBXTargetDependency;
			target = 725F56EA23B3B3CB00E67F45 /* Reciplease */;
			targetProxy = 725F570523B3B3CD00E67F45 /* PBXContainerItemProxy */;
		};
/* End PBXTargetDependency section */

/* Begin PBXVariantGroup section */
		725F56F423B3B3CB00E67F45 /* Main.storyboard */ = {
			isa = PBXVariantGroup;
			children = (
				725F56F523B3B3CB00E67F45 /* Base */,
			);
			name = Main.storyboard;
			sourceTree = "<group>";
		};
		725F56FC23B3B3CD00E67F45 /* LaunchScreen.storyboard */ = {
			isa = PBXVariantGroup;
			children = (
				725F56FD23B3B3CD00E67F45 /* Base */,
			);
			name = LaunchScreen.storyboard;
			sourceTree = "<group>";
		};
/* End PBXVariantGroup section */

/* Begin XCBuildConfiguration section */
		725F570B23B3B3CD00E67F45 /* Debug */ = {
			isa = XCBuildConfiguration;
			buildSettings = {
				ALWAYS_SEARCH_USER_PATHS = NO;
				CLANG_ANALYZER_NONNULL = YES;
				CLANG_ANALYZER_NUMBER_OBJECT_CONVERSION = YES_AGGRESSIVE;
				CLANG_CXX_LANGUAGE_STANDARD = "gnu++14";
				CLANG_CXX_LIBRARY = "libc++";
				CLANG_ENABLE_MODULES = YES;
				CLANG_ENABLE_OBJC_ARC = YES;
				CLANG_ENABLE_OBJC_WEAK = YES;
				CLANG_WARN_BLOCK_CAPTURE_AUTORELEASING = YES;
				CLANG_WARN_BOOL_CONVERSION = YES;
				CLANG_WARN_COMMA = YES;
				CLANG_WARN_CONSTANT_CONVERSION = YES;
				CLANG_WARN_DEPRECATED_OBJC_IMPLEMENTATIONS = YES;
				CLANG_WARN_DIRECT_OBJC_ISA_USAGE = YES_ERROR;
				CLANG_WARN_DOCUMENTATION_COMMENTS = YES;
				CLANG_WARN_EMPTY_BODY = YES;
				CLANG_WARN_ENUM_CONVERSION = YES;
				CLANG_WARN_INFINITE_RECURSION = YES;
				CLANG_WARN_INT_CONVERSION = YES;
				CLANG_WARN_NON_LITERAL_NULL_CONVERSION = YES;
				CLANG_WARN_OBJC_IMPLICIT_RETAIN_SELF = YES;
				CLANG_WARN_OBJC_LITERAL_CONVERSION = YES;
				CLANG_WARN_OBJC_ROOT_CLASS = YES_ERROR;
				CLANG_WARN_RANGE_LOOP_ANALYSIS = YES;
				CLANG_WARN_STRICT_PROTOTYPES = YES;
				CLANG_WARN_SUSPICIOUS_MOVE = YES;
				CLANG_WARN_UNGUARDED_AVAILABILITY = YES_AGGRESSIVE;
				CLANG_WARN_UNREACHABLE_CODE = YES;
				CLANG_WARN__DUPLICATE_METHOD_MATCH = YES;
				COPY_PHASE_STRIP = NO;
				DEBUG_INFORMATION_FORMAT = dwarf;
				ENABLE_STRICT_OBJC_MSGSEND = YES;
				ENABLE_TESTABILITY = YES;
				GCC_C_LANGUAGE_STANDARD = gnu11;
				GCC_DYNAMIC_NO_PIC = NO;
				GCC_NO_COMMON_BLOCKS = YES;
				GCC_OPTIMIZATION_LEVEL = 0;
				GCC_PREPROCESSOR_DEFINITIONS = (
					"DEBUG=1",
					"$(inherited)",
				);
				GCC_WARN_64_TO_32_BIT_CONVERSION = YES;
				GCC_WARN_ABOUT_RETURN_TYPE = YES_ERROR;
				GCC_WARN_UNDECLARED_SELECTOR = YES;
				GCC_WARN_UNINITIALIZED_AUTOS = YES_AGGRESSIVE;
				GCC_WARN_UNUSED_FUNCTION = YES;
				GCC_WARN_UNUSED_VARIABLE = YES;
				IPHONEOS_DEPLOYMENT_TARGET = 13.2;
				MTL_ENABLE_DEBUG_INFO = INCLUDE_SOURCE;
				MTL_FAST_MATH = YES;
				ONLY_ACTIVE_ARCH = YES;
				SDKROOT = iphoneos;
				SWIFT_ACTIVE_COMPILATION_CONDITIONS = DEBUG;
				SWIFT_OPTIMIZATION_LEVEL = "-Onone";
			};
			name = Debug;
		};
		725F570C23B3B3CD00E67F45 /* Release */ = {
			isa = XCBuildConfiguration;
			buildSettings = {
				ALWAYS_SEARCH_USER_PATHS = NO;
				CLANG_ANALYZER_NONNULL = YES;
				CLANG_ANALYZER_NUMBER_OBJECT_CONVERSION = YES_AGGRESSIVE;
				CLANG_CXX_LANGUAGE_STANDARD = "gnu++14";
				CLANG_CXX_LIBRARY = "libc++";
				CLANG_ENABLE_MODULES = YES;
				CLANG_ENABLE_OBJC_ARC = YES;
				CLANG_ENABLE_OBJC_WEAK = YES;
				CLANG_WARN_BLOCK_CAPTURE_AUTORELEASING = YES;
				CLANG_WARN_BOOL_CONVERSION = YES;
				CLANG_WARN_COMMA = YES;
				CLANG_WARN_CONSTANT_CONVERSION = YES;
				CLANG_WARN_DEPRECATED_OBJC_IMPLEMENTATIONS = YES;
				CLANG_WARN_DIRECT_OBJC_ISA_USAGE = YES_ERROR;
				CLANG_WARN_DOCUMENTATION_COMMENTS = YES;
				CLANG_WARN_EMPTY_BODY = YES;
				CLANG_WARN_ENUM_CONVERSION = YES;
				CLANG_WARN_INFINITE_RECURSION = YES;
				CLANG_WARN_INT_CONVERSION = YES;
				CLANG_WARN_NON_LITERAL_NULL_CONVERSION = YES;
				CLANG_WARN_OBJC_IMPLICIT_RETAIN_SELF = YES;
				CLANG_WARN_OBJC_LITERAL_CONVERSION = YES;
				CLANG_WARN_OBJC_ROOT_CLASS = YES_ERROR;
				CLANG_WARN_RANGE_LOOP_ANALYSIS = YES;
				CLANG_WARN_STRICT_PROTOTYPES = YES;
				CLANG_WARN_SUSPICIOUS_MOVE = YES;
				CLANG_WARN_UNGUARDED_AVAILABILITY = YES_AGGRESSIVE;
				CLANG_WARN_UNREACHABLE_CODE = YES;
				CLANG_WARN__DUPLICATE_METHOD_MATCH = YES;
				COPY_PHASE_STRIP = NO;
				DEBUG_INFORMATION_FORMAT = "dwarf-with-dsym";
				ENABLE_NS_ASSERTIONS = NO;
				ENABLE_STRICT_OBJC_MSGSEND = YES;
				GCC_C_LANGUAGE_STANDARD = gnu11;
				GCC_NO_COMMON_BLOCKS = YES;
				GCC_WARN_64_TO_32_BIT_CONVERSION = YES;
				GCC_WARN_ABOUT_RETURN_TYPE = YES_ERROR;
				GCC_WARN_UNDECLARED_SELECTOR = YES;
				GCC_WARN_UNINITIALIZED_AUTOS = YES_AGGRESSIVE;
				GCC_WARN_UNUSED_FUNCTION = YES;
				GCC_WARN_UNUSED_VARIABLE = YES;
				IPHONEOS_DEPLOYMENT_TARGET = 13.2;
				MTL_ENABLE_DEBUG_INFO = NO;
				MTL_FAST_MATH = YES;
				SDKROOT = iphoneos;
				SWIFT_COMPILATION_MODE = wholemodule;
				SWIFT_OPTIMIZATION_LEVEL = "-O";
				VALIDATE_PRODUCT = YES;
			};
			name = Release;
		};
		725F570E23B3B3CD00E67F45 /* Debug */ = {
			isa = XCBuildConfiguration;
			baseConfigurationReference = A626DECB2408D146C68C2D4C /* Pods-Reciplease.debug.xcconfig */;
			buildSettings = {
				ASSETCATALOG_COMPILER_APPICON_NAME = AppIcon;
				CODE_SIGN_STYLE = Automatic;
				DEVELOPMENT_TEAM = BGGLL93M78;
				INFOPLIST_FILE = Reciplease/SupportingFiles/Info.plist;
				LD_RUNPATH_SEARCH_PATHS = (
					"$(inherited)",
					"@executable_path/Frameworks",
				);
				PRODUCT_BUNDLE_IDENTIFIER = com.mji.Reciplease;
				PRODUCT_NAME = "$(TARGET_NAME)";
				SWIFT_VERSION = 5.0;
				TARGETED_DEVICE_FAMILY = 1;
			};
			name = Debug;
		};
		725F570F23B3B3CD00E67F45 /* Release */ = {
			isa = XCBuildConfiguration;
			baseConfigurationReference = B7F2DB1FA4EDFF792F712661 /* Pods-Reciplease.release.xcconfig */;
			buildSettings = {
				ASSETCATALOG_COMPILER_APPICON_NAME = AppIcon;
				CODE_SIGN_STYLE = Automatic;
				DEVELOPMENT_TEAM = BGGLL93M78;
				INFOPLIST_FILE = Reciplease/SupportingFiles/Info.plist;
				LD_RUNPATH_SEARCH_PATHS = (
					"$(inherited)",
					"@executable_path/Frameworks",
				);
				PRODUCT_BUNDLE_IDENTIFIER = com.mji.Reciplease;
				PRODUCT_NAME = "$(TARGET_NAME)";
				SWIFT_VERSION = 5.0;
				TARGETED_DEVICE_FAMILY = 1;
			};
			name = Release;
		};
		725F571123B3B3CD00E67F45 /* Debug */ = {
			isa = XCBuildConfiguration;
			baseConfigurationReference = AFFF72F3BE01F16EB97A5111 /* Pods-RecipleaseTests.debug.xcconfig */;
			buildSettings = {
				ALWAYS_EMBED_SWIFT_STANDARD_LIBRARIES = YES;
				BUNDLE_LOADER = "$(TEST_HOST)";
				CODE_SIGN_STYLE = Automatic;
				DEVELOPMENT_TEAM = BGGLL93M78;
				INFOPLIST_FILE = RecipleaseTests/Info.plist;
				IPHONEOS_DEPLOYMENT_TARGET = 13.2;
				LD_RUNPATH_SEARCH_PATHS = (
					"$(inherited)",
					"@executable_path/Frameworks",
					"@loader_path/Frameworks",
				);
				PRODUCT_BUNDLE_IDENTIFIER = com.mji.RecipleaseTests;
				PRODUCT_NAME = "$(TARGET_NAME)";
				SWIFT_VERSION = 5.0;
				TARGETED_DEVICE_FAMILY = "1,2";
				TEST_HOST = "$(BUILT_PRODUCTS_DIR)/Reciplease.app/Reciplease";
			};
			name = Debug;
		};
		725F571223B3B3CD00E67F45 /* Release */ = {
			isa = XCBuildConfiguration;
			baseConfigurationReference = 3F2D5F67684A1DD62E24151A /* Pods-RecipleaseTests.release.xcconfig */;
			buildSettings = {
				ALWAYS_EMBED_SWIFT_STANDARD_LIBRARIES = YES;
				BUNDLE_LOADER = "$(TEST_HOST)";
				CODE_SIGN_STYLE = Automatic;
				DEVELOPMENT_TEAM = BGGLL93M78;
				INFOPLIST_FILE = RecipleaseTests/Info.plist;
				IPHONEOS_DEPLOYMENT_TARGET = 13.2;
				LD_RUNPATH_SEARCH_PATHS = (
					"$(inherited)",
					"@executable_path/Frameworks",
					"@loader_path/Frameworks",
				);
				PRODUCT_BUNDLE_IDENTIFIER = com.mji.RecipleaseTests;
				PRODUCT_NAME = "$(TARGET_NAME)";
				SWIFT_VERSION = 5.0;
				TARGETED_DEVICE_FAMILY = "1,2";
				TEST_HOST = "$(BUILT_PRODUCTS_DIR)/Reciplease.app/Reciplease";
			};
			name = Release;
		};
/* End XCBuildConfiguration section */

/* Begin XCConfigurationList section */
		725F56E623B3B3CB00E67F45 /* Build configuration list for PBXProject "Reciplease" */ = {
			isa = XCConfigurationList;
			buildConfigurations = (
				725F570B23B3B3CD00E67F45 /* Debug */,
				725F570C23B3B3CD00E67F45 /* Release */,
			);
			defaultConfigurationIsVisible = 0;
			defaultConfigurationName = Release;
		};
		725F570D23B3B3CD00E67F45 /* Build configuration list for PBXNativeTarget "Reciplease" */ = {
			isa = XCConfigurationList;
			buildConfigurations = (
				725F570E23B3B3CD00E67F45 /* Debug */,
				725F570F23B3B3CD00E67F45 /* Release */,
			);
			defaultConfigurationIsVisible = 0;
			defaultConfigurationName = Release;
		};
		725F571023B3B3CD00E67F45 /* Build configuration list for PBXNativeTarget "RecipleaseTests" */ = {
			isa = XCConfigurationList;
			buildConfigurations = (
				725F571123B3B3CD00E67F45 /* Debug */,
				725F571223B3B3CD00E67F45 /* Release */,
			);
			defaultConfigurationIsVisible = 0;
			defaultConfigurationName = Release;
		};
/* End XCConfigurationList section */

/* Begin XCVersionGroup section */
		725F56F723B3B3CB00E67F45 /* Reciplease.xcdatamodeld */ = {
			isa = XCVersionGroup;
			children = (
				725F56F823B3B3CB00E67F45 /* Reciplease.xcdatamodel */,
			);
			currentVersion = 725F56F823B3B3CB00E67F45 /* Reciplease.xcdatamodel */;
			path = Reciplease.xcdatamodeld;
			sourceTree = "<group>";
			versionGroupType = wrapper.xcdatamodel;
		};
/* End XCVersionGroup section */
	};
	rootObject = 725F56E323B3B3CB00E67F45 /* Project object */;
}
